// !$*UTF8*$!
{
	archiveVersion = 1;
	classes = {
	};
	objectVersion = 46;
	objects = {

/* Begin PBXBuildFile section */
		ED5644951A92A3C500C7C56A /* main.m in Sources */ = {isa = PBXBuildFile; fileRef = ED5644941A92A3C500C7C56A /* main.m */; };
		ED5644981A92A3C500C7C56A /* AppDelegate.m in Sources */ = {isa = PBXBuildFile; fileRef = ED5644971A92A3C500C7C56A /* AppDelegate.m */; };
		ED56449B1A92A3C500C7C56A /* MasterViewController.m in Sources */ = {isa = PBXBuildFile; fileRef = ED56449A1A92A3C500C7C56A /* MasterViewController.m */; };
		ED56449E1A92A3C500C7C56A /* DetailViewController.m in Sources */ = {isa = PBXBuildFile; fileRef = ED56449D1A92A3C500C7C56A /* DetailViewController.m */; };
		ED5644A11A92A3C500C7C56A /* Main.storyboard in Resources */ = {isa = PBXBuildFile; fileRef = ED56449F1A92A3C500C7C56A /* Main.storyboard */; };
		ED5644A31A92A3C500C7C56A /* Images.xcassets in Resources */ = {isa = PBXBuildFile; fileRef = ED5644A21A92A3C500C7C56A /* Images.xcassets */; };
		ED5644A61A92A3C500C7C56A /* LaunchScreen.xib in Resources */ = {isa = PBXBuildFile; fileRef = ED5644A41A92A3C500C7C56A /* LaunchScreen.xib */; };
		ED5644B21A92A3C500C7C56A /* RSS_Reader_IITests.m in Sources */ = {isa = PBXBuildFile; fileRef = ED5644B11A92A3C500C7C56A /* RSS_Reader_IITests.m */; };
		ED5644C31A92AA5B00C7C56A /* TableViewCell.m in Sources */ = {isa = PBXBuildFile; fileRef = ED5644C21A92AA5B00C7C56A /* TableViewCell.m */; };
		ED5644C61A92AACA00C7C56A /* SharedNetworking.m in Sources */ = {isa = PBXBuildFile; fileRef = ED5644C51A92AACA00C7C56A /* SharedNetworking.m */; };
		ED7978C81A9A6D9400E397E9 /* BookmarkTableViewController.m in Sources */ = {isa = PBXBuildFile; fileRef = ED7978C71A9A6D9400E397E9 /* BookmarkTableViewController.m */; };
		ED7978CD1A9BAC5000E397E9 /* Settings.bundle in Resources */ = {isa = PBXBuildFile; fileRef = ED7978CC1A9BAC5000E397E9 /* Settings.bundle */; };
		ED7978D51A9BD35100E397E9 /* STSession.m in Sources */ = {isa = PBXBuildFile; fileRef = ED7978D41A9BD35100E397E9 /* STSession.m */; };
		ED7978D71A9BDA1E00E397E9 /* Social.framework in Frameworks */ = {isa = PBXBuildFile; fileRef = ED7978D61A9BDA1E00E397E9 /* Social.framework */; };
/* End PBXBuildFile section */

/* Begin PBXContainerItemProxy section */
		ED5644AC1A92A3C500C7C56A /* PBXContainerItemProxy */ = {
			isa = PBXContainerItemProxy;
			containerPortal = ED5644871A92A3C500C7C56A /* Project object */;
			proxyType = 1;
			remoteGlobalIDString = ED56448E1A92A3C500C7C56A;
			remoteInfo = "RSS Reader II";
		};
/* End PBXContainerItemProxy section */

/* Begin PBXFileReference section */
		ED56448F1A92A3C500C7C56A /* RSS Reader II.app */ = {isa = PBXFileReference; explicitFileType = wrapper.application; includeInIndex = 0; path = "RSS Reader II.app"; sourceTree = BUILT_PRODUCTS_DIR; };
		ED5644931A92A3C500C7C56A /* Info.plist */ = {isa = PBXFileReference; lastKnownFileType = text.plist.xml; path = Info.plist; sourceTree = "<group>"; };
		ED5644941A92A3C500C7C56A /* main.m */ = {isa = PBXFileReference; lastKnownFileType = sourcecode.c.objc; path = main.m; sourceTree = "<group>"; };
		ED5644961A92A3C500C7C56A /* AppDelegate.h */ = {isa = PBXFileReference; lastKnownFileType = sourcecode.c.h; path = AppDelegate.h; sourceTree = "<group>"; };
		ED5644971A92A3C500C7C56A /* AppDelegate.m */ = {isa = PBXFileReference; lastKnownFileType = sourcecode.c.objc; path = AppDelegate.m; sourceTree = "<group>"; };
		ED5644991A92A3C500C7C56A /* MasterViewController.h */ = {isa = PBXFileReference; lastKnownFileType = sourcecode.c.h; path = MasterViewController.h; sourceTree = "<group>"; };
		ED56449A1A92A3C500C7C56A /* MasterViewController.m */ = {isa = PBXFileReference; lastKnownFileType = sourcecode.c.objc; path = MasterViewController.m; sourceTree = "<group>"; };
		ED56449C1A92A3C500C7C56A /* DetailViewController.h */ = {isa = PBXFileReference; lastKnownFileType = sourcecode.c.h; path = DetailViewController.h; sourceTree = "<group>"; };
		ED56449D1A92A3C500C7C56A /* DetailViewController.m */ = {isa = PBXFileReference; lastKnownFileType = sourcecode.c.objc; path = DetailViewController.m; sourceTree = "<group>"; };
		ED5644A01A92A3C500C7C56A /* Base */ = {isa = PBXFileReference; lastKnownFileType = file.storyboard; name = Base; path = Base.lproj/Main.storyboard; sourceTree = "<group>"; };
		ED5644A21A92A3C500C7C56A /* Images.xcassets */ = {isa = PBXFileReference; lastKnownFileType = folder.assetcatalog; path = Images.xcassets; sourceTree = "<group>"; };
		ED5644A51A92A3C500C7C56A /* Base */ = {isa = PBXFileReference; lastKnownFileType = file.xib; name = Base; path = Base.lproj/LaunchScreen.xib; sourceTree = "<group>"; };
		ED5644AB1A92A3C500C7C56A /* RSS Reader IITests.xctest */ = {isa = PBXFileReference; explicitFileType = wrapper.cfbundle; includeInIndex = 0; path = "RSS Reader IITests.xctest"; sourceTree = BUILT_PRODUCTS_DIR; };
		ED5644B01A92A3C500C7C56A /* Info.plist */ = {isa = PBXFileReference; lastKnownFileType = text.plist.xml; path = Info.plist; sourceTree = "<group>"; };
		ED5644B11A92A3C500C7C56A /* RSS_Reader_IITests.m */ = {isa = PBXFileReference; lastKnownFileType = sourcecode.c.objc; path = RSS_Reader_IITests.m; sourceTree = "<group>"; };
		ED5644C11A92AA5B00C7C56A /* TableViewCell.h */ = {isa = PBXFileReference; fileEncoding = 4; lastKnownFileType = sourcecode.c.h; path = TableViewCell.h; sourceTree = "<group>"; };
		ED5644C21A92AA5B00C7C56A /* TableViewCell.m */ = {isa = PBXFileReference; fileEncoding = 4; lastKnownFileType = sourcecode.c.objc; path = TableViewCell.m; sourceTree = "<group>"; };
		ED5644C41A92AACA00C7C56A /* SharedNetworking.h */ = {isa = PBXFileReference; fileEncoding = 4; lastKnownFileType = sourcecode.c.h; path = SharedNetworking.h; sourceTree = "<group>"; };
		ED5644C51A92AACA00C7C56A /* SharedNetworking.m */ = {isa = PBXFileReference; fileEncoding = 4; lastKnownFileType = sourcecode.c.objc; path = SharedNetworking.m; sourceTree = "<group>"; };
		ED7978C61A9A6D9400E397E9 /* BookmarkTableViewController.h */ = {isa = PBXFileReference; fileEncoding = 4; lastKnownFileType = sourcecode.c.h; path = BookmarkTableViewController.h; sourceTree = "<group>"; };
		ED7978C71A9A6D9400E397E9 /* BookmarkTableViewController.m */ = {isa = PBXFileReference; fileEncoding = 4; lastKnownFileType = sourcecode.c.objc; path = BookmarkTableViewController.m; sourceTree = "<group>"; };
		ED7978CC1A9BAC5000E397E9 /* Settings.bundle */ = {isa = PBXFileReference; lastKnownFileType = "wrapper.plug-in"; path = Settings.bundle; sourceTree = "<group>"; };
		ED7978D31A9BD35100E397E9 /* STSession.h */ = {isa = PBXFileReference; fileEncoding = 4; lastKnownFileType = sourcecode.c.h; path = STSession.h; sourceTree = "<group>"; };
		ED7978D41A9BD35100E397E9 /* STSession.m */ = {isa = PBXFileReference; fileEncoding = 4; lastKnownFileType = sourcecode.c.objc; path = STSession.m; sourceTree = "<group>"; };
		ED7978D61A9BDA1E00E397E9 /* Social.framework */ = {isa = PBXFileReference; lastKnownFileType = wrapper.framework; name = Social.framework; path = System/Library/Frameworks/Social.framework; sourceTree = SDKROOT; };
/* End PBXFileReference section */

/* Begin PBXFrameworksBuildPhase section */
		ED56448C1A92A3C500C7C56A /* Frameworks */ = {
			isa = PBXFrameworksBuildPhase;
			buildActionMask = 2147483647;
			files = (
				ED7978D71A9BDA1E00E397E9 /* Social.framework in Frameworks */,
			);
			runOnlyForDeploymentPostprocessing = 0;
		};
		ED5644A81A92A3C500C7C56A /* Frameworks */ = {
			isa = PBXFrameworksBuildPhase;
			buildActionMask = 2147483647;
			files = (
			);
			runOnlyForDeploymentPostprocessing = 0;
		};
/* End PBXFrameworksBuildPhase section */

/* Begin PBXGroup section */
		ED5644861A92A3C500C7C56A = {
			isa = PBXGroup;
			children = (
				ED7978D61A9BDA1E00E397E9 /* Social.framework */,
				ED5644911A92A3C500C7C56A /* RSS Reader II */,
				ED5644AE1A92A3C500C7C56A /* RSS Reader IITests */,
				ED5644901A92A3C500C7C56A /* Products */,
			);
			sourceTree = "<group>";
		};
		ED5644901A92A3C500C7C56A /* Products */ = {
			isa = PBXGroup;
			children = (
				ED56448F1A92A3C500C7C56A /* RSS Reader II.app */,
				ED5644AB1A92A3C500C7C56A /* RSS Reader IITests.xctest */,
			);
			name = Products;
			sourceTree = "<group>";
		};
		ED5644911A92A3C500C7C56A /* RSS Reader II */ = {
			isa = PBXGroup;
			children = (
				ED5644961A92A3C500C7C56A /* AppDelegate.h */,
				ED5644971A92A3C500C7C56A /* AppDelegate.m */,
				ED5644991A92A3C500C7C56A /* MasterViewController.h */,
				ED56449A1A92A3C500C7C56A /* MasterViewController.m */,
				ED56449C1A92A3C500C7C56A /* DetailViewController.h */,
				ED56449D1A92A3C500C7C56A /* DetailViewController.m */,
				ED56449F1A92A3C500C7C56A /* Main.storyboard */,
				ED5644A21A92A3C500C7C56A /* Images.xcassets */,
				ED5644A41A92A3C500C7C56A /* LaunchScreen.xib */,
				ED5644921A92A3C500C7C56A /* Supporting Files */,
				ED5644C11A92AA5B00C7C56A /* TableViewCell.h */,
				ED5644C21A92AA5B00C7C56A /* TableViewCell.m */,
				ED5644C41A92AACA00C7C56A /* SharedNetworking.h */,
				ED5644C51A92AACA00C7C56A /* SharedNetworking.m */,
				ED7978C61A9A6D9400E397E9 /* BookmarkTableViewController.h */,
				ED7978C71A9A6D9400E397E9 /* BookmarkTableViewController.m */,
				ED7978D31A9BD35100E397E9 /* STSession.h */,
				ED7978D41A9BD35100E397E9 /* STSession.m */,
			);
			path = "RSS Reader II";
			sourceTree = "<group>";
		};
		ED5644921A92A3C500C7C56A /* Supporting Files */ = {
			isa = PBXGroup;
			children = (
				ED7978CC1A9BAC5000E397E9 /* Settings.bundle */,
				ED5644931A92A3C500C7C56A /* Info.plist */,
				ED5644941A92A3C500C7C56A /* main.m */,
			);
			name = "Supporting Files";
			sourceTree = "<group>";
		};
		ED5644AE1A92A3C500C7C56A /* RSS Reader IITests */ = {
			isa = PBXGroup;
			children = (
				ED5644B11A92A3C500C7C56A /* RSS_Reader_IITests.m */,
				ED5644AF1A92A3C500C7C56A /* Supporting Files */,
			);
			path = "RSS Reader IITests";
			sourceTree = "<group>";
		};
		ED5644AF1A92A3C500C7C56A /* Supporting Files */ = {
			isa = PBXGroup;
			children = (
				ED5644B01A92A3C500C7C56A /* Info.plist */,
			);
			name = "Supporting Files";
			sourceTree = "<group>";
		};
/* End PBXGroup section */

/* Begin PBXNativeTarget section */
		ED56448E1A92A3C500C7C56A /* RSS Reader II */ = {
			isa = PBXNativeTarget;
			buildConfigurationList = ED5644B51A92A3C500C7C56A /* Build configuration list for PBXNativeTarget "RSS Reader II" */;
			buildPhases = (
				ED56448B1A92A3C500C7C56A /* Sources */,
				ED56448C1A92A3C500C7C56A /* Frameworks */,
				ED56448D1A92A3C500C7C56A /* Resources */,
			);
			buildRules = (
			);
			dependencies = (
			);
			name = "RSS Reader II";
			productName = "RSS Reader II";
			productReference = ED56448F1A92A3C500C7C56A /* RSS Reader II.app */;
			productType = "com.apple.product-type.application";
		};
		ED5644AA1A92A3C500C7C56A /* RSS Reader IITests */ = {
			isa = PBXNativeTarget;
			buildConfigurationList = ED5644B81A92A3C500C7C56A /* Build configuration list for PBXNativeTarget "RSS Reader IITests" */;
			buildPhases = (
				ED5644A71A92A3C500C7C56A /* Sources */,
				ED5644A81A92A3C500C7C56A /* Frameworks */,
				ED5644A91A92A3C500C7C56A /* Resources */,
			);
			buildRules = (
			);
			dependencies = (
				ED5644AD1A92A3C500C7C56A /* PBXTargetDependency */,
			);
			name = "RSS Reader IITests";
			productName = "RSS Reader IITests";
			productReference = ED5644AB1A92A3C500C7C56A /* RSS Reader IITests.xctest */;
			productType = "com.apple.product-type.bundle.unit-test";
		};
/* End PBXNativeTarget section */

/* Begin PBXProject section */
		ED5644871A92A3C500C7C56A /* Project object */ = {
			isa = PBXProject;
			attributes = {
				LastUpgradeCheck = 0610;
				ORGANIZATIONNAME = "Yan Yang";
				TargetAttributes = {
					ED56448E1A92A3C500C7C56A = {
						CreatedOnToolsVersion = 6.1.1;
					};
					ED5644AA1A92A3C500C7C56A = {
						CreatedOnToolsVersion = 6.1.1;
						TestTargetID = ED56448E1A92A3C500C7C56A;
					};
				};
			};
			buildConfigurationList = ED56448A1A92A3C500C7C56A /* Build configuration list for PBXProject "RSS Reader II" */;
			compatibilityVersion = "Xcode 3.2";
			developmentRegion = English;
			hasScannedForEncodings = 0;
			knownRegions = (
				en,
				Base,
			);
			mainGroup = ED5644861A92A3C500C7C56A;
			productRefGroup = ED5644901A92A3C500C7C56A /* Products */;
			projectDirPath = "";
			projectRoot = "";
			targets = (
				ED56448E1A92A3C500C7C56A /* RSS Reader II */,
				ED5644AA1A92A3C500C7C56A /* RSS Reader IITests */,
			);
		};
/* End PBXProject section */

/* Begin PBXResourcesBuildPhase section */
		ED56448D1A92A3C500C7C56A /* Resources */ = {
			isa = PBXResourcesBuildPhase;
			buildActionMask = 2147483647;
			files = (
				ED7978CD1A9BAC5000E397E9 /* Settings.bundle in Resources */,
				ED5644A11A92A3C500C7C56A /* Main.storyboard in Resources */,
				ED5644A61A92A3C500C7C56A /* LaunchScreen.xib in Resources */,
				ED5644A31A92A3C500C7C56A /* Images.xcassets in Resources */,
			);
			runOnlyForDeploymentPostprocessing = 0;
		};
		ED5644A91A92A3C500C7C56A /* Resources */ = {
			isa = PBXResourcesBuildPhase;
			buildActionMask = 2147483647;
			files = (
			);
			runOnlyForDeploymentPostprocessing = 0;
		};
/* End PBXResourcesBuildPhase section */

/* Begin PBXSourcesBuildPhase section */
		ED56448B1A92A3C500C7C56A /* Sources */ = {
			isa = PBXSourcesBuildPhase;
			buildActionMask = 2147483647;
			files = (
				ED5644C61A92AACA00C7C56A /* SharedNetworking.m in Sources */,
				ED7978D51A9BD35100E397E9 /* STSession.m in Sources */,
				ED5644981A92A3C500C7C56A /* AppDelegate.m in Sources */,
				ED7978C81A9A6D9400E397E9 /* BookmarkTableViewController.m in Sources */,
				ED56449B1A92A3C500C7C56A /* MasterViewController.m in Sources */,
				ED5644951A92A3C500C7C56A /* main.m in Sources */,
				ED5644C31A92AA5B00C7C56A /* TableViewCell.m in Sources */,
				ED56449E1A92A3C500C7C56A /* DetailViewController.m in Sources */,
			);
			runOnlyForDeploymentPostprocessing = 0;
		};
		ED5644A71A92A3C500C7C56A /* Sources */ = {
			isa = PBXSourcesBuildPhase;
			buildActionMask = 2147483647;
			files = (
				ED5644B21A92A3C500C7C56A /* RSS_Reader_IITests.m in Sources */,
			);
			runOnlyForDeploymentPostprocessing = 0;
		};
/* End PBXSourcesBuildPhase section */

/* Begin PBXTargetDependency section */
		ED5644AD1A92A3C500C7C56A /* PBXTargetDependency */ = {
			isa = PBXTargetDependency;
			target = ED56448E1A92A3C500C7C56A /* RSS Reader II */;
			targetProxy = ED5644AC1A92A3C500C7C56A /* PBXContainerItemProxy */;
		};
/* End PBXTargetDependency section */

/* Begin PBXVariantGroup section */
		ED56449F1A92A3C500C7C56A /* Main.storyboard */ = {
			isa = PBXVariantGroup;
			children = (
				ED5644A01A92A3C500C7C56A /* Base */,
			);
			name = Main.storyboard;
			sourceTree = "<group>";
		};
		ED5644A41A92A3C500C7C56A /* LaunchScreen.xib */ = {
			isa = PBXVariantGroup;
			children = (
				ED5644A51A92A3C500C7C56A /* Base */,
			);
			name = LaunchScreen.xib;
			sourceTree = "<group>";
		};
/* End PBXVariantGroup section */

/* Begin XCBuildConfiguration section */
		ED5644B31A92A3C500C7C56A /* Debug */ = {
			isa = XCBuildConfiguration;
			buildSettings = {
				ALWAYS_SEARCH_USER_PATHS = NO;
				CLANG_CXX_LANGUAGE_STANDARD = "gnu++0x";
				CLANG_CXX_LIBRARY = "libc++";
				CLANG_ENABLE_MODULES = YES;
				CLANG_ENABLE_OBJC_ARC = YES;
				CLANG_WARN_BOOL_CONVERSION = YES;
				CLANG_WARN_CONSTANT_CONVERSION = YES;
				CLANG_WARN_DIRECT_OBJC_ISA_USAGE = YES_ERROR;
				CLANG_WARN_EMPTY_BODY = YES;
				CLANG_WARN_ENUM_CONVERSION = YES;
				CLANG_WARN_INT_CONVERSION = YES;
				CLANG_WARN_OBJC_ROOT_CLASS = YES_ERROR;
				CLANG_WARN_UNREACHABLE_CODE = YES;
				CLANG_WARN__DUPLICATE_METHOD_MATCH = YES;
				"CODE_SIGN_IDENTITY[sdk=iphoneos*]" = "iPhone Developer";
				COPY_PHASE_STRIP = NO;
				ENABLE_STRICT_OBJC_MSGSEND = YES;
				GCC_C_LANGUAGE_STANDARD = gnu99;
				GCC_DYNAMIC_NO_PIC = NO;
				GCC_OPTIMIZATION_LEVEL = 0;
				GCC_PREPROCESSOR_DEFINITIONS = (
					"DEBUG=1",
					"$(inherited)",
				);
				GCC_SYMBOLS_PRIVATE_EXTERN = NO;
				GCC_WARN_64_TO_32_BIT_CONVERSION = YES;
				GCC_WARN_ABOUT_RETURN_TYPE = YES_ERROR;
				GCC_WARN_UNDECLARED_SELECTOR = YES;
				GCC_WARN_UNINITIALIZED_AUTOS = YES_AGGRESSIVE;
				GCC_WARN_UNUSED_FUNCTION = YES;
				GCC_WARN_UNUSED_VARIABLE = YES;
				IPHONEOS_DEPLOYMENT_TARGET = 8.1;
				MTL_ENABLE_DEBUG_INFO = YES;
				ONLY_ACTIVE_ARCH = YES;
				SDKROOT = iphoneos;
				TARGETED_DEVICE_FAMILY = 2;
			};
			name = Debug;
		};
		ED5644B41A92A3C500C7C56A /* Release */ = {
			isa = XCBuildConfiguration;
			buildSettings = {
				ALWAYS_SEARCH_USER_PATHS = NO;
				CLANG_CXX_LANGUAGE_STANDARD = "gnu++0x";
				CLANG_CXX_LIBRARY = "libc++";
				CLANG_ENABLE_MODULES = YES;
				CLANG_ENABLE_OBJC_ARC = YES;
				CLANG_WARN_BOOL_CONVERSION = YES;
				CLANG_WARN_CONSTANT_CONVERSION = YES;
				CLANG_WARN_DIRECT_OBJC_ISA_USAGE = YES_ERROR;
				CLANG_WARN_EMPTY_BODY = YES;
				CLANG_WARN_ENUM_CONVERSION = YES;
				CLANG_WARN_INT_CONVERSION = YES;
				CLANG_WARN_OBJC_ROOT_CLASS = YES_ERROR;
				CLANG_WARN_UNREACHABLE_CODE = YES;
				CLANG_WARN__DUPLICATE_METHOD_MATCH = YES;
				"CODE_SIGN_IDENTITY[sdk=iphoneos*]" = "iPhone Developer";
				COPY_PHASE_STRIP = YES;
				ENABLE_NS_ASSERTIONS = NO;
				ENABLE_STRICT_OBJC_MSGSEND = YES;
				GCC_C_LANGUAGE_STANDARD = gnu99;
				GCC_WARN_64_TO_32_BIT_CONVERSION = YES;
				GCC_WARN_ABOUT_RETURN_TYPE = YES_ERROR;
				GCC_WARN_UNDECLARED_SELECTOR = YES;
				GCC_WARN_UNINITIALIZED_AUTOS = YES_AGGRESSIVE;
				GCC_WARN_UNUSED_FUNCTION = YES;
				GCC_WARN_UNUSED_VARIABLE = YES;
				IPHONEOS_DEPLOYMENT_TARGET = 8.1;
				MTL_ENABLE_DEBUG_INFO = NO;
				SDKROOT = iphoneos;
				TARGETED_DEVICE_FAMILY = 2;
				VALIDATE_PRODUCT = YES;
			};
			name = Release;
		};
		ED5644B61A92A3C500C7C56A /* Debug */ = {
			isa = XCBuildConfiguration;
			buildSettings = {
				ASSETCATALOG_COMPILER_APPICON_NAME = AppIcon;
				INFOPLIST_FILE = "RSS Reader II/Info.plist";
				LD_RUNPATH_SEARCH_PATHS = "$(inherited) @executable_path/Frameworks";
				PRODUCT_NAME = "$(TARGET_NAME)";
				TARGETED_DEVICE_FAMILY = "1,2";
			};
			name = Debug;
		};
		ED5644B71A92A3C500C7C56A /* Release */ = {
			isa = XCBuildConfiguration;
			buildSettings = {
				ASSETCATALOG_COMPILER_APPICON_NAME = AppIcon;
				INFOPLIST_FILE = "RSS Reader II/Info.plist";
				LD_RUNPATH_SEARCH_PATHS = "$(inherited) @executable_path/Frameworks";
				PRODUCT_NAME = "$(TARGET_NAME)";
				TARGETED_DEVICE_FAMILY = "1,2";
			};
			name = Release;
		};
		ED5644B91A92A3C500C7C56A /* Debug */ = {
			isa = XCBuildConfiguration;
			buildSettings = {
				BUNDLE_LOADER = "$(TEST_HOST)";
				FRAMEWORK_SEARCH_PATHS = (
					"$(SDKROOT)/Developer/Library/Frameworks",
					"$(inherited)",
				);
				GCC_PREPROCESSOR_DEFINITIONS = (
					"DEBUG=1",
					"$(inherited)",
				);
				INFOPLIST_FILE = "RSS Reader IITests/Info.plist";
				LD_RUNPATH_SEARCH_PATHS = "$(inherited) @executable_path/Frameworks @loader_path/Frameworks";
				PRODUCT_NAME = "$(TARGET_NAME)";
				TEST_HOST = "$(BUILT_PRODUCTS_DIR)/RSS Reader II.app/RSS Reader II";
			};
			name = Debug;
		};
		ED5644BA1A92A3C500C7C56A /* Release */ = {
			isa = XCBuildConfiguration;
			buildSettings = {
				BUNDLE_LOADER = "$(TEST_HOST)";
				FRAMEWORK_SEARCH_PATHS = (
					"$(SDKROOT)/Developer/Library/Frameworks",
					"$(inherited)",
				);
				INFOPLIST_FILE = "RSS Reader IITests/Info.plist";
				LD_RUNPATH_SEARCH_PATHS = "$(inherited) @executable_path/Frameworks @loader_path/Frameworks";
				PRODUCT_NAME = "$(TARGET_NAME)";
				TEST_HOST = "$(BUILT_PRODUCTS_DIR)/RSS Reader II.app/RSS Reader II";
			};
			name = Release;
		};
/* End XCBuildConfiguration section */

/* Begin XCConfigurationList section */
		ED56448A1A92A3C500C7C56A /* Build configuration list for PBXProject "RSS Reader II" */ = {
			isa = XCConfigurationList;
			buildConfigurations = (
				ED5644B31A92A3C500C7C56A /* Debug */,
				ED5644B41A92A3C500C7C56A /* Release */,
			);
			defaultConfigurationIsVisible = 0;
			defaultConfigurationName = Release;
		};
		ED5644B51A92A3C500C7C56A /* Build configuration list for PBXNativeTarget "RSS Reader II" */ = {
			isa = XCConfigurationList;
			buildConfigurations = (
				ED5644B61A92A3C500C7C56A /* Debug */,
				ED5644B71A92A3C500C7C56A /* Release */,
			);
			defaultConfigurationIsVisible = 0;
			defaultConfigurationName = Release;
		};
		ED5644B81A92A3C500C7C56A /* Build configuration list for PBXNativeTarget "RSS Reader IITests" */ = {
			isa = XCConfigurationList;
			buildConfigurations = (
				ED5644B91A92A3C500C7C56A /* Debug */,
				ED5644BA1A92A3C500C7C56A /* Release */,
			);
			defaultConfigurationIsVisible = 0;
			defaultConfigurationName = Release;
		};
/* End XCConfigurationList section */
	};
	rootObject = ED5644871A92A3C500C7C56A /* Project object */;
}
